
Microsoft Visual Studio Solution File, Format Version 12.00
# Visual Studio Version 16
VisualStudioVersion = 16.0.33214.272
MinimumVisualStudioVersion = 10.0.40219.1
Project("{FAE04EC0-301F-11D3-BF4B-00C04F79EFBC}") = "ConsoleApp1", "ConsoleApp1\ConsoleApp1.csproj", "{B8997D5D-B8FB-4430-9E44-F2AE0ECB6D91}"
EndProject
Global
	GlobalSection(SolutionConfigurationPlatforms) = preSolution
		Debug|Any CPU = Debug|Any CPU
		Release|Any CPU = Release|Any CPU
	EndGlobalSection
	GlobalSection(ProjectConfigurationPlatforms) = postSolution
		{B8997D5D-B8FB-4430-9E44-F2AE0ECB6D91}.Debug|Any CPU.ActiveCfg = Debug|Any CPU
		{B8997D5D-B8FB-4430-9E44-F2AE0ECB6D91}.Debug|Any CPU.Build.0 = Debug|Any CPU
		{B8997D5D-B8FB-4430-9E44-F2AE0ECB6D91}.Release|Any CPU.ActiveCfg = Release|Any CPU
		{B8997D5D-B8FB-4430-9E44-F2AE0ECB6D91}.Release|Any CPU.Build.0 = Release|Any CPU
	EndGlobalSection
	GlobalSection(SolutionProperties) = preSolution
		HideSolutionNode = FALSE
	EndGlobalSection
	GlobalSection(ExtensibilityGlobals) = postSolution
		SolutionGuid = {19830EE1-6EAD-4C8E-8AAD-C5F844B26123}
	EndGlobalSection
EndGlobal
